
Microsoft Visual Studio Solution File, Format Version 12.00
# Visual Studio 14
VisualStudioVersion = 14.0.23107.0
MinimumVisualStudioVersion = 10.0.40219.1
Project("{FAE04EC0-301F-11D3-BF4B-00C04F79EFBC}") = "Scrabble", "Scrabble\Scrabble.csproj", "{86BFC4A3-CD59-4A56-8243-1522BBC09B73}"
EndProject
Project("{FAE04EC0-301F-11D3-BF4B-00C04F79EFBC}") = "ScrabbleUnitTest", "ScrabbleUnitTest\ScrabbleUnitTest.csproj", "{1C3D71DA-B18B-4694-825B-0B328146826C}"
EndProject
Global
	GlobalSection(SolutionConfigurationPlatforms) = preSolution
		Debug|Any CPU = Debug|Any CPU
		Release|Any CPU = Release|Any CPU
	EndGlobalSection
	GlobalSection(ProjectConfigurationPlatforms) = postSolution
		{86BFC4A3-CD59-4A56-8243-1522BBC09B73}.Debug|Any CPU.ActiveCfg = Debug|Any CPU
		{86BFC4A3-CD59-4A56-8243-1522BBC09B73}.Debug|Any CPU.Build.0 = Debug|Any CPU
		{86BFC4A3-CD59-4A56-8243-1522BBC09B73}.Release|Any CPU.ActiveCfg = Release|Any CPU
		{86BFC4A3-CD59-4A56-8243-1522BBC09B73}.Release|Any CPU.Build.0 = Release|Any CPU
		{1C3D71DA-B18B-4694-825B-0B328146826C}.Debug|Any CPU.ActiveCfg = Debug|Any CPU
		{1C3D71DA-B18B-4694-825B-0B328146826C}.Debug|Any CPU.Build.0 = Debug|Any CPU
		{1C3D71DA-B18B-4694-825B-0B328146826C}.Release|Any CPU.ActiveCfg = Release|Any CPU
		{1C3D71DA-B18B-4694-825B-0B328146826C}.Release|Any CPU.Build.0 = Release|Any CPU
	EndGlobalSection
	GlobalSection(SolutionProperties) = preSolution
		HideSolutionNode = FALSE
	EndGlobalSection
EndGlobal
